
Microsoft Visual Studio Solution File, Format Version 12.00
# Visual Studio Version 17
VisualStudioVersion = 17.8.34525.116
MinimumVisualStudioVersion = 10.0.40219.1
Project("{FAE04EC0-301F-11D3-BF4B-00C04F79EFBC}") = "Since1999", "Since1999.csproj", "{2C0460EE-A02E-441C-8F10-0715DE78257A}"
EndProject
Global
	GlobalSection(SolutionConfigurationPlatforms) = preSolution
		Debug|Any CPU = Debug|Any CPU
		Release|Any CPU = Release|Any CPU
	EndGlobalSection
	GlobalSection(ProjectConfigurationPlatforms) = postSolution
		{2C0460EE-A02E-441C-8F10-0715DE78257A}.Debug|Any CPU.ActiveCfg = Debug|Any CPU
		{2C0460EE-A02E-441C-8F10-0715DE78257A}.Debug|Any CPU.Build.0 = Debug|Any CPU
		{2C0460EE-A02E-441C-8F10-0715DE78257A}.Release|Any CPU.ActiveCfg = Release|Any CPU
		{2C0460EE-A02E-441C-8F10-0715DE78257A}.Release|Any CPU.Build.0 = Release|Any CPU
	EndGlobalSection
	GlobalSection(SolutionProperties) = preSolution
		HideSolutionNode = FALSE
	EndGlobalSection
	GlobalSection(ExtensibilityGlobals) = postSolution
		SolutionGuid = {E80251BE-690E-4B3B-A4D6-C5A6D2D90D12}
	EndGlobalSection
EndGlobal
